lockfileVersion: '9.0'

settings:
  autoInstallPeers: true
  excludeLinksFromLockfile: false

importers:

  .:
    dependencies:
      country-to-currency:
        specifier: latest
        version: 3.0.1
    devDependencies:
      '@types/node':
        specifier: ^22.19.19
        version: 22.19.19
      typescript:
        specifier: ^5.9.3
        version: 5.9.3

packages:

  '@types/node@22.19.19':
    resolution: {integrity: sha512-dyh/xO2Fh5bYrfWaaqGrRQQGkNdmYw6AmaAUvYeUMNTWQtvb796ikLdmTchRmOlOiIJ1TDXfWgVx1QkUlQ6Hew==}

  country-to-currency@3.0.1:
    resolution: {integrity: sha512-FAo2ga8296d0Ra6vj9TB4Kax36AmqrGEc0aoLflCx5ijMtifNwA8lCqQsFfTLP2lRVKHWh/DedSpqI6v9VHyjw==}

  typescript@5.9.3:
    resolution: {integrity: sha512-jl1vZzPDinLr9eUt3J/t7V6FgNEw9QjvBPdysz9KfQDD41fQrC2Y4vKQdiaUpFT4bXlb1RHhLpp8wtm6M5TgSw==}
    engines: {node: '>=14.17'}
    hasBin: true

  undici-types@6.21.0:
    resolution: {integrity: sha512-iwDZqg0QAGrg9Rav5H4n0M64c3mkR59cJ6wQp+7C4nI0gsmExaedaYLNO44eT4AtBBwjbTiGPMlt2Md0T9H9JQ==}

snapshots:

  '@types/node@22.19.19':
    dependencies:
      undici-types: 6.21.0

  country-to-currency@3.0.1: {}

  typescript@5.9.3: {}

  undici-types@6.21.0: {}
